// !$*UTF8*$!
{
	archiveVersion = 1;
	classes = {
	};
	objectVersion = 51;
	objects = {

/* Begin PBXBuildFile section */
		16D0DE6837D9988F12CA260D /* Pods_CodePathFlixTests.framework in Frameworks */ = {isa = PBXBuildFile; fileRef = 0EF52F9F6F38EACA8167958E /* Pods_CodePathFlixTests.framework */; };
		EDBCD60298C278E7A0784640 /* Pods_CodePathFlix.framework in Frameworks */ = {isa = PBXBuildFile; fileRef = 5DACCA8C37485E219BA07A07 /* Pods_CodePathFlix.framework */; };
		F52FD0D020D014B65437FA8F /* Pods_CodePathFlix_CodePathFlixUITests.framework in Frameworks */ = {isa = PBXBuildFile; fileRef = 097BE0279C26FB083D25A9B1 /* Pods_CodePathFlix_CodePathFlixUITests.framework */; };
		FFD144EC25D4725100E566CA /* AppDelegate.swift in Sources */ = {isa = PBXBuildFile; fileRef = FFD144EB25D4725100E566CA /* AppDelegate.swift */; };
		FFD144F325D4725100E566CA /* Main.storyboard in Resources */ = {isa = PBXBuildFile; fileRef = FFD144F125D4725100E566CA /* Main.storyboard */; };
		FFD144F525D4725C00E566CA /* Assets.xcassets in Resources */ = {isa = PBXBuildFile; fileRef = FFD144F425D4725C00E566CA /* Assets.xcassets */; };
		FFD144F825D4725C00E566CA /* LaunchScreen.storyboard in Resources */ = {isa = PBXBuildFile; fileRef = FFD144F625D4725C00E566CA /* LaunchScreen.storyboard */; };
		FFD1450325D4725D00E566CA /* CodePathFlixTests.swift in Sources */ = {isa = PBXBuildFile; fileRef = FFD1450225D4725D00E566CA /* CodePathFlixTests.swift */; };
		FFD1450E25D4725D00E566CA /* CodePathFlixUITests.swift in Sources */ = {isa = PBXBuildFile; fileRef = FFD1450D25D4725D00E566CA /* CodePathFlixUITests.swift */; };
		FFD1452725D4781200E566CA /* MovieViewController.swift in Sources */ = {isa = PBXBuildFile; fileRef = FFD1452625D4781200E566CA /* MovieViewController.swift */; };
		FFD1453825D4C77B00E566CA /* SceneDelegate.swift in Sources */ = {isa = PBXBuildFile; fileRef = FFD1453625D4C77B00E566CA /* SceneDelegate.swift */; };
		FFD1453925D4C77B00E566CA /* ViewController.swift in Sources */ = {isa = PBXBuildFile; fileRef = FFD1453725D4C77B00E566CA /* ViewController.swift */; };
		FFD1454925D4CECE00E566CA /* MovieTableViewCell.swift in Sources */ = {isa = PBXBuildFile; fileRef = FFD1454825D4CECE00E566CA /* MovieTableViewCell.swift */; };
/* End PBXBuildFile section */

/* Begin PBXContainerItemProxy section */
		FFD144FF25D4725D00E566CA /* PBXContainerItemProxy */ = {
			isa = PBXContainerItemProxy;
			containerPortal = FFD144E025D4725100E566CA /* Project object */;
			proxyType = 1;
			remoteGlobalIDString = FFD144E725D4725100E566CA;
			remoteInfo = CodePathFlix;
		};
		FFD1450A25D4725D00E566CA /* PBXContainerItemProxy */ = {
			isa = PBXContainerItemProxy;
			containerPortal = FFD144E025D4725100E566CA /* Project object */;
			proxyType = 1;
			remoteGlobalIDString = FFD144E725D4725100E566CA;
			remoteInfo = CodePathFlix;
		};
/* End PBXContainerItemProxy section */

/* Begin PBXFileReference section */
		06CEC2FE3B9D63DA76CBBBAC /* Pods-CodePathFlix-CodePathFlixUITests.debug.xcconfig */ = {isa = PBXFileReference; includeInIndex = 1; lastKnownFileType = text.xcconfig; name = "Pods-CodePathFlix-CodePathFlixUITests.debug.xcconfig"; path = "Target Support Files/Pods-CodePathFlix-CodePathFlixUITests/Pods-CodePathFlix-CodePathFlixUITests.debug.xcconfig"; sourceTree = "<group>"; };
		097BE0279C26FB083D25A9B1 /* Pods_CodePathFlix_CodePathFlixUITests.framework */ = {isa = PBXFileReference; explicitFileType = wrapper.framework; includeInIndex = 0; path = Pods_CodePathFlix_CodePathFlixUITests.framework; sourceTree = BUILT_PRODUCTS_DIR; };
		0EF52F9F6F38EACA8167958E /* Pods_CodePathFlixTests.framework */ = {isa = PBXFileReference; explicitFileType = wrapper.framework; includeInIndex = 0; path = Pods_CodePathFlixTests.framework; sourceTree = BUILT_PRODUCTS_DIR; };
		2E71487031CCB2B95A97E10C /* Pods-CodePathFlix.debug.xcconfig */ = {isa = PBXFileReference; includeInIndex = 1; lastKnownFileType = text.xcconfig; name = "Pods-CodePathFlix.debug.xcconfig"; path = "Target Support Files/Pods-CodePathFlix/Pods-CodePathFlix.debug.xcconfig"; sourceTree = "<group>"; };
		4B2669113FEB065D451ECE6E /* Pods-CodePathFlixTests.debug.xcconfig */ = {isa = PBXFileReference; includeInIndex = 1; lastKnownFileType = text.xcconfig; name = "Pods-CodePathFlixTests.debug.xcconfig"; path = "Target Support Files/Pods-CodePathFlixTests/Pods-CodePathFlixTests.debug.xcconfig"; sourceTree = "<group>"; };
		4C867345AC76D2A7A0AEBB9E /* Pods-CodePathFlixTests.release.xcconfig */ = {isa = PBXFileReference; includeInIndex = 1; lastKnownFileType = text.xcconfig; name = "Pods-CodePathFlixTests.release.xcconfig"; path = "Target Support Files/Pods-CodePathFlixTests/Pods-CodePathFlixTests.release.xcconfig"; sourceTree = "<group>"; };
		5DACCA8C37485E219BA07A07 /* Pods_CodePathFlix.framework */ = {isa = PBXFileReference; explicitFileType = wrapper.framework; includeInIndex = 0; path = Pods_CodePathFlix.framework; sourceTree = BUILT_PRODUCTS_DIR; };
		AEE1D32BD02C424E0D96DE1A /* Pods-CodePathFlix.release.xcconfig */ = {isa = PBXFileReference; includeInIndex = 1; lastKnownFileType = text.xcconfig; name = "Pods-CodePathFlix.release.xcconfig"; path = "Target Support Files/Pods-CodePathFlix/Pods-CodePathFlix.release.xcconfig"; sourceTree = "<group>"; };
		BCBF43A2E40BE62718C35BD1 /* Pods-CodePathFlix-CodePathFlixUITests.release.xcconfig */ = {isa = PBXFileReference; includeInIndex = 1; lastKnownFileType = text.xcconfig; name = "Pods-CodePathFlix-CodePathFlixUITests.release.xcconfig"; path = "Target Support Files/Pods-CodePathFlix-CodePathFlixUITests/Pods-CodePathFlix-CodePathFlixUITests.release.xcconfig"; sourceTree = "<group>"; };
		FFD144E825D4725100E566CA /* CodePathFlix.app */ = {isa = PBXFileReference; explicitFileType = wrapper.application; includeInIndex = 0; path = CodePathFlix.app; sourceTree = BUILT_PRODUCTS_DIR; };
		FFD144EB25D4725100E566CA /* AppDelegate.swift */ = {isa = PBXFileReference; lastKnownFileType = sourcecode.swift; path = AppDelegate.swift; sourceTree = "<group>"; };
		FFD144F225D4725100E566CA /* Base */ = {isa = PBXFileReference; lastKnownFileType = file.storyboard; name = Base; path = Base.lproj/Main.storyboard; sourceTree = "<group>"; };
		FFD144F425D4725C00E566CA /* Assets.xcassets */ = {isa = PBXFileReference; lastKnownFileType = folder.assetcatalog; path = Assets.xcassets; sourceTree = "<group>"; };
		FFD144F725D4725C00E566CA /* Base */ = {isa = PBXFileReference; lastKnownFileType = file.storyboard; name = Base; path = Base.lproj/LaunchScreen.storyboard; sourceTree = "<group>"; };
		FFD144F925D4725C00E566CA /* Info.plist */ = {isa = PBXFileReference; lastKnownFileType = text.plist.xml; path = Info.plist; sourceTree = "<group>"; };
		FFD144FE25D4725D00E566CA /* CodePathFlixTests.xctest */ = {isa = PBXFileReference; explicitFileType = wrapper.cfbundle; includeInIndex = 0; path = CodePathFlixTests.xctest; sourceTree = BUILT_PRODUCTS_DIR; };
		FFD1450225D4725D00E566CA /* CodePathFlixTests.swift */ = {isa = PBXFileReference; lastKnownFileType = sourcecode.swift; path = CodePathFlixTests.swift; sourceTree = "<group>"; };
		FFD1450425D4725D00E566CA /* Info.plist */ = {isa = PBXFileReference; lastKnownFileType = text.plist.xml; path = Info.plist; sourceTree = "<group>"; };
		FFD1450925D4725D00E566CA /* CodePathFlixUITests.xctest */ = {isa = PBXFileReference; explicitFileType = wrapper.cfbundle; includeInIndex = 0; path = CodePathFlixUITests.xctest; sourceTree = BUILT_PRODUCTS_DIR; };
		FFD1450D25D4725D00E566CA /* CodePathFlixUITests.swift */ = {isa = PBXFileReference; lastKnownFileType = sourcecode.swift; path = CodePathFlixUITests.swift; sourceTree = "<group>"; };
		FFD1450F25D4725D00E566CA /* Info.plist */ = {isa = PBXFileReference; lastKnownFileType = text.plist.xml; path = Info.plist; sourceTree = "<group>"; };
		FFD1452625D4781200E566CA /* MovieViewController.swift */ = {isa = PBXFileReference; lastKnownFileType = sourcecode.swift; path = MovieViewController.swift; sourceTree = "<group>"; };
		FFD1453625D4C77B00E566CA /* SceneDelegate.swift */ = {isa = PBXFileReference; fileEncoding = 4; lastKnownFileType = sourcecode.swift; path = SceneDelegate.swift; sourceTree = "<group>"; };
		FFD1453725D4C77B00E566CA /* ViewController.swift */ = {isa = PBXFileReference; fileEncoding = 4; lastKnownFileType = sourcecode.swift; path = ViewController.swift; sourceTree = "<group>"; };
		FFD1454825D4CECE00E566CA /* MovieTableViewCell.swift */ = {isa = PBXFileReference; lastKnownFileType = sourcecode.swift; path = MovieTableViewCell.swift; sourceTree = "<group>"; };
/* End PBXFileReference section */

/* Begin PBXFrameworksBuildPhase section */
		FFD144E525D4725100E566CA /* Frameworks */ = {
			isa = PBXFrameworksBuildPhase;
			buildActionMask = 2147483647;
			files = (
				EDBCD60298C278E7A0784640 /* Pods_CodePathFlix.framework in Frameworks */,
			);
			runOnlyForDeploymentPostprocessing = 0;
		};
		FFD144FB25D4725D00E566CA /* Frameworks */ = {
			isa = PBXFrameworksBuildPhase;
			buildActionMask = 2147483647;
			files = (
				16D0DE6837D9988F12CA260D /* Pods_CodePathFlixTests.framework in Frameworks */,
			);
			runOnlyForDeploymentPostprocessing = 0;
		};
		FFD1450625D4725D00E566CA /* Frameworks */ = {
			isa = PBXFrameworksBuildPhase;
			buildActionMask = 2147483647;
			files = (
				F52FD0D020D014B65437FA8F /* Pods_CodePathFlix_CodePathFlixUITests.framework in Frameworks */,
			);
			runOnlyForDeploymentPostprocessing = 0;
		};
/* End PBXFrameworksBuildPhase section */

/* Begin PBXGroup section */
		4B1AFB7EC78349AFB812FD6B /* Frameworks */ = {
			isa = PBXGroup;
			children = (
				5DACCA8C37485E219BA07A07 /* Pods_CodePathFlix.framework */,
				097BE0279C26FB083D25A9B1 /* Pods_CodePathFlix_CodePathFlixUITests.framework */,
				0EF52F9F6F38EACA8167958E /* Pods_CodePathFlixTests.framework */,
			);
			name = Frameworks;
			sourceTree = "<group>";
		};
		D5CB1C01E09DD786C831BCFE /* Pods */ = {
			isa = PBXGroup;
			children = (
				2E71487031CCB2B95A97E10C /* Pods-CodePathFlix.debug.xcconfig */,
				AEE1D32BD02C424E0D96DE1A /* Pods-CodePathFlix.release.xcconfig */,
				06CEC2FE3B9D63DA76CBBBAC /* Pods-CodePathFlix-CodePathFlixUITests.debug.xcconfig */,
				BCBF43A2E40BE62718C35BD1 /* Pods-CodePathFlix-CodePathFlixUITests.release.xcconfig */,
				4B2669113FEB065D451ECE6E /* Pods-CodePathFlixTests.debug.xcconfig */,
				4C867345AC76D2A7A0AEBB9E /* Pods-CodePathFlixTests.release.xcconfig */,
			);
			path = Pods;
			sourceTree = "<group>";
		};
		FFD144DF25D4725100E566CA = {
			isa = PBXGroup;
			children = (
				FFD144EA25D4725100E566CA /* CodePathFlix */,
				FFD1450125D4725D00E566CA /* CodePathFlixTests */,
				FFD1450C25D4725D00E566CA /* CodePathFlixUITests */,
				FFD144E925D4725100E566CA /* Products */,
				D5CB1C01E09DD786C831BCFE /* Pods */,
				4B1AFB7EC78349AFB812FD6B /* Frameworks */,
			);
			sourceTree = "<group>";
		};
		FFD144E925D4725100E566CA /* Products */ = {
			isa = PBXGroup;
			children = (
				FFD144E825D4725100E566CA /* CodePathFlix.app */,
				FFD144FE25D4725D00E566CA /* CodePathFlixTests.xctest */,
				FFD1450925D4725D00E566CA /* CodePathFlixUITests.xctest */,
			);
			name = Products;
			sourceTree = "<group>";
		};
		FFD144EA25D4725100E566CA /* CodePathFlix */ = {
			isa = PBXGroup;
			children = (
				FFD1453625D4C77B00E566CA /* SceneDelegate.swift */,
				FFD1453725D4C77B00E566CA /* ViewController.swift */,
				FFD144EB25D4725100E566CA /* AppDelegate.swift */,
				FFD144F125D4725100E566CA /* Main.storyboard */,
				FFD144F425D4725C00E566CA /* Assets.xcassets */,
				FFD144F625D4725C00E566CA /* LaunchScreen.storyboard */,
				FFD144F925D4725C00E566CA /* Info.plist */,
				FFD1452625D4781200E566CA /* MovieViewController.swift */,
				FFD1454825D4CECE00E566CA /* MovieTableViewCell.swift */,
			);
			path = CodePathFlix;
			sourceTree = "<group>";
		};
		FFD1450125D4725D00E566CA /* CodePathFlixTests */ = {
			isa = PBXGroup;
			children = (
				FFD1450225D4725D00E566CA /* CodePathFlixTests.swift */,
				FFD1450425D4725D00E566CA /* Info.plist */,
			);
			path = CodePathFlixTests;
			sourceTree = "<group>";
		};
		FFD1450C25D4725D00E566CA /* CodePathFlixUITests */ = {
			isa = PBXGroup;
			children = (
				FFD1450D25D4725D00E566CA /* CodePathFlixUITests.swift */,
				FFD1450F25D4725D00E566CA /* Info.plist */,
			);
			path = CodePathFlixUITests;
			sourceTree = "<group>";
		};
/* End PBXGroup section */

/* Begin PBXNativeTarget section */
		FFD144E725D4725100E566CA /* CodePathFlix */ = {
			isa = PBXNativeTarget;
			buildConfigurationList = FFD1451225D4725D00E566CA /* Build configuration list for PBXNativeTarget "CodePathFlix" */;
			buildPhases = (
				4FAF80BF9CD3339E10FA090F /* [CP] Check Pods Manifest.lock */,
				FFD144E425D4725100E566CA /* Sources */,
				FFD144E525D4725100E566CA /* Frameworks */,
				FFD144E625D4725100E566CA /* Resources */,
				1604F5470B6B65B058434341 /* [CP] Embed Pods Frameworks */,
			);
			buildRules = (
			);
			dependencies = (
			);
			name = CodePathFlix;
			productName = CodePathFlix;
			productReference = FFD144E825D4725100E566CA /* CodePathFlix.app */;
			productType = "com.apple.product-type.application";
		};
		FFD144FD25D4725D00E566CA /* CodePathFlixTests */ = {
			isa = PBXNativeTarget;
			buildConfigurationList = FFD1451525D4725D00E566CA /* Build configuration list for PBXNativeTarget "CodePathFlixTests" */;
			buildPhases = (
				363EACE7F43B605042324A7B /* [CP] Check Pods Manifest.lock */,
				FFD144FA25D4725D00E566CA /* Sources */,
				FFD144FB25D4725D00E566CA /* Frameworks */,
				FFD144FC25D4725D00E566CA /* Resources */,
			);
			buildRules = (
			);
			dependencies = (
				FFD1450025D4725D00E566CA /* PBXTargetDependency */,
			);
			name = CodePathFlixTests;
			productName = CodePathFlixTests;
			productReference = FFD144FE25D4725D00E566CA /* CodePathFlixTests.xctest */;
			productType = "com.apple.product-type.bundle.unit-test";
		};
		FFD1450825D4725D00E566CA /* CodePathFlixUITests */ = {
			isa = PBXNativeTarget;
			buildConfigurationList = FFD1451825D4725D00E566CA /* Build configuration list for PBXNativeTarget "CodePathFlixUITests" */;
			buildPhases = (
				4A369FE0E7B74FC30E5292E5 /* [CP] Check Pods Manifest.lock */,
				FFD1450525D4725D00E566CA /* Sources */,
				FFD1450625D4725D00E566CA /* Frameworks */,
				FFD1450725D4725D00E566CA /* Resources */,
				0F307F2A54C66FE9427CE03F /* [CP] Embed Pods Frameworks */,
			);
			buildRules = (
			);
			dependencies = (
				FFD1450B25D4725D00E566CA /* PBXTargetDependency */,
			);
			name = CodePathFlixUITests;
			productName = CodePathFlixUITests;
			productReference = FFD1450925D4725D00E566CA /* CodePathFlixUITests.xctest */;
			productType = "com.apple.product-type.bundle.ui-testing";
		};
/* End PBXNativeTarget section */

/* Begin PBXProject section */
		FFD144E025D4725100E566CA /* Project object */ = {
			isa = PBXProject;
			attributes = {
				LastSwiftUpdateCheck = 1230;
				LastUpgradeCheck = 1230;
				TargetAttributes = {
					FFD144E725D4725100E566CA = {
						CreatedOnToolsVersion = 12.3;
					};
					FFD144FD25D4725D00E566CA = {
						CreatedOnToolsVersion = 12.3;
						TestTargetID = FFD144E725D4725100E566CA;
					};
					FFD1450825D4725D00E566CA = {
						CreatedOnToolsVersion = 12.3;
						TestTargetID = FFD144E725D4725100E566CA;
					};
				};
			};
			buildConfigurationList = FFD144E325D4725100E566CA /* Build configuration list for PBXProject "CodePathFlix" */;
			compatibilityVersion = "Xcode 9.3";
			developmentRegion = en;
			hasScannedForEncodings = 0;
			knownRegions = (
				en,
				Base,
			);
			mainGroup = FFD144DF25D4725100E566CA;
			productRefGroup = FFD144E925D4725100E566CA /* Products */;
			projectDirPath = "";
			projectRoot = "";
			targets = (
				FFD144E725D4725100E566CA /* CodePathFlix */,
				FFD144FD25D4725D00E566CA /* CodePathFlixTests */,
				FFD1450825D4725D00E566CA /* CodePathFlixUITests */,
			);
		};
/* End PBXProject section */

/* Begin PBXResourcesBuildPhase section */
		FFD144E625D4725100E566CA /* Resources */ = {
			isa = PBXResourcesBuildPhase;
			buildActionMask = 2147483647;
			files = (
				FFD144F825D4725C00E566CA /* LaunchScreen.storyboard in Resources */,
				FFD144F525D4725C00E566CA /* Assets.xcassets in Resources */,
				FFD144F325D4725100E566CA /* Main.storyboard in Resources */,
			);
			runOnlyForDeploymentPostprocessing = 0;
		};
		FFD144FC25D4725D00E566CA /* Resources */ = {
			isa = PBXResourcesBuildPhase;
			buildActionMask = 2147483647;
			files = (
			);
			runOnlyForDeploymentPostprocessing = 0;
		};
		FFD1450725D4725D00E566CA /* Resources */ = {
			isa = PBXResourcesBuildPhase;
			buildActionMask = 2147483647;
			files = (
			);
			runOnlyForDeploymentPostprocessing = 0;
		};
/* End PBXResourcesBuildPhase section */

/* Begin PBXShellScriptBuildPhase section */
		0F307F2A54C66FE9427CE03F /* [CP] Embed Pods Frameworks */ = {
			isa = PBXShellScriptBuildPhase;
			buildActionMask = 2147483647;
			files = (
			);
			inputFileListPaths = (
				"${PODS_ROOT}/Target Support Files/Pods-CodePathFlix-CodePathFlixUITests/Pods-CodePathFlix-CodePathFlixUITests-frameworks-${CONFIGURATION}-input-files.xcfilelist",
			);
			name = "[CP] Embed Pods Frameworks";
			outputFileListPaths = (
				"${PODS_ROOT}/Target Support Files/Pods-CodePathFlix-CodePathFlixUITests/Pods-CodePathFlix-CodePathFlixUITests-frameworks-${CONFIGURATION}-output-files.xcfilelist",
			);
			runOnlyForDeploymentPostprocessing = 0;
			shellPath = /bin/sh;
			shellScript = "\"${PODS_ROOT}/Target Support Files/Pods-CodePathFlix-CodePathFlixUITests/Pods-CodePathFlix-CodePathFlixUITests-frameworks.sh\"\n";
			showEnvVarsInLog = 0;
		};
		1604F5470B6B65B058434341 /* [CP] Embed Pods Frameworks */ = {
			isa = PBXShellScriptBuildPhase;
			buildActionMask = 2147483647;
			files = (
			);
			inputFileListPaths = (
				"${PODS_ROOT}/Target Support Files/Pods-CodePathFlix/Pods-CodePathFlix-frameworks-${CONFIGURATION}-input-files.xcfilelist",
			);
			name = "[CP] Embed Pods Frameworks";
			outputFileListPaths = (
				"${PODS_ROOT}/Target Support Files/Pods-CodePathFlix/Pods-CodePathFlix-frameworks-${CONFIGURATION}-output-files.xcfilelist",
			);
			runOnlyForDeploymentPostprocessing = 0;
			shellPath = /bin/sh;
			shellScript = "\"${PODS_ROOT}/Target Support Files/Pods-CodePathFlix/Pods-CodePathFlix-frameworks.sh\"\n";
			showEnvVarsInLog = 0;
		};
		363EACE7F43B605042324A7B /* [CP] Check Pods Manifest.lock */ = {
			isa = PBXShellScriptBuildPhase;
			buildActionMask = 2147483647;
			files = (
			);
			inputFileListPaths = (
			);
			inputPaths = (
				"${PODS_PODFILE_DIR_PATH}/Podfile.lock",
				"${PODS_ROOT}/Manifest.lock",
			);
			name = "[CP] Check Pods Manifest.lock";
			outputFileListPaths = (
			);
			outputPaths = (
				"$(DERIVED_FILE_DIR)/Pods-CodePathFlixTests-checkManifestLockResult.txt",
			);
			runOnlyForDeploymentPostprocessing = 0;
			shellPath = /bin/sh;
			shellScript = "diff \"${PODS_PODFILE_DIR_PATH}/Podfile.lock\" \"${PODS_ROOT}/Manifest.lock\" > /dev/null\nif [ $? != 0 ] ; then\n    # print error to STDERR\n    echo \"error: The sandbox is not in sync with the Podfile.lock. Run 'pod install' or update your CocoaPods installation.\" >&2\n    exit 1\nfi\n# This output is used by Xcode 'outputs' to avoid re-running this script phase.\necho \"SUCCESS\" > \"${SCRIPT_OUTPUT_FILE_0}\"\n";
			showEnvVarsInLog = 0;
		};
		4A369FE0E7B74FC30E5292E5 /* [CP] Check Pods Manifest.lock */ = {
			isa = PBXShellScriptBuildPhase;
			buildActionMask = 2147483647;
			files = (
			);
			inputFileListPaths = (
			);
			inputPaths = (
				"${PODS_PODFILE_DIR_PATH}/Podfile.lock",
				"${PODS_ROOT}/Manifest.lock",
			);
			name = "[CP] Check Pods Manifest.lock";
			outputFileListPaths = (
			);
			outputPaths = (
				"$(DERIVED_FILE_DIR)/Pods-CodePathFlix-CodePathFlixUITests-checkManifestLockResult.txt",
			);
			runOnlyForDeploymentPostprocessing = 0;
			shellPath = /bin/sh;
			shellScript = "diff \"${PODS_PODFILE_DIR_PATH}/Podfile.lock\" \"${PODS_ROOT}/Manifest.lock\" > /dev/null\nif [ $? != 0 ] ; then\n    # print error to STDERR\n    echo \"error: The sandbox is not in sync with the Podfile.lock. Run 'pod install' or update your CocoaPods installation.\" >&2\n    exit 1\nfi\n# This output is used by Xcode 'outputs' to avoid re-running this script phase.\necho \"SUCCESS\" > \"${SCRIPT_OUTPUT_FILE_0}\"\n";
			showEnvVarsInLog = 0;
		};
		4FAF80BF9CD3339E10FA090F /* [CP] Check Pods Manifest.lock */ = {
			isa = PBXShellScriptBuildPhase;
			buildActionMask = 2147483647;
			files = (
			);
			inputFileListPaths = (
			);
			inputPaths = (
				"${PODS_PODFILE_DIR_PATH}/Podfile.lock",
				"${PODS_ROOT}/Manifest.lock",
			);
			name = "[CP] Check Pods Manifest.lock";
			outputFileListPaths = (
			);
			outputPaths = (
				"$(DERIVED_FILE_DIR)/Pods-CodePathFlix-checkManifestLockResult.txt",
			);
			runOnlyForDeploymentPostprocessing = 0;
			shellPath = /bin/sh;
			shellScript = "diff \"${PODS_PODFILE_DIR_PATH}/Podfile.lock\" \"${PODS_ROOT}/Manifest.lock\" > /dev/null\nif [ $? != 0 ] ; then\n    # print error to STDERR\n    echo \"error: The sandbox is not in sync with the Podfile.lock. Run 'pod install' or update your CocoaPods installation.\" >&2\n    exit 1\nfi\n# This output is used by Xcode 'outputs' to avoid re-running this script phase.\necho \"SUCCESS\" > \"${SCRIPT_OUTPUT_FILE_0}\"\n";
			showEnvVarsInLog = 0;
		};
/* End PBXShellScriptBuildPhase section */

/* Begin PBXSourcesBuildPhase section */
		FFD144E425D4725100E566CA /* Sources */ = {
			isa = PBXSourcesBuildPhase;
			buildActionMask = 2147483647;
			files = (
				FFD1454925D4CECE00E566CA /* MovieTableViewCell.swift in Sources */,
				FFD144EC25D4725100E566CA /* AppDelegate.swift in Sources */,
				FFD1452725D4781200E566CA /* MovieViewController.swift in Sources */,
				FFD1453925D4C77B00E566CA /* ViewController.swift in Sources */,
				FFD1453825D4C77B00E566CA /* SceneDelegate.swift in Sources */,
			);
			runOnlyForDeploymentPostprocessing = 0;
		};
		FFD144FA25D4725D00E566CA /* Sources */ = {
			isa = PBXSourcesBuildPhase;
			buildActionMask = 2147483647;
			files = (
				FFD1450325D4725D00E566CA /* CodePathFlixTests.swift in Sources */,
			);
			runOnlyForDeploymentPostprocessing = 0;
		};
		FFD1450525D4725D00E566CA /* Sources */ = {
			isa = PBXSourcesBuildPhase;
			buildActionMask = 2147483647;
			files = (
				FFD1450E25D4725D00E566CA /* CodePathFlixUITests.swift in Sources */,
			);
			runOnlyForDeploymentPostprocessing = 0;
		};
/* End PBXSourcesBuildPhase section */

/* Begin PBXTargetDependency section */
		FFD1450025D4725D00E566CA /* PBXTargetDependency */ = {
			isa = PBXTargetDependency;
			target = FFD144E725D4725100E566CA /* CodePathFlix */;
			targetProxy = FFD144FF25D4725D00E566CA /* PBXContainerItemProxy */;
		};
		FFD1450B25D4725D00E566CA /* PBXTargetDependency */ = {
			isa = PBXTargetDependency;
			target = FFD144E725D4725100E566CA /* CodePathFlix */;
			targetProxy = FFD1450A25D4725D00E566CA /* PBXContainerItemProxy */;
		};
/* End PBXTargetDependency section */

/* Begin PBXVariantGroup section */
		FFD144F125D4725100E566CA /* Main.storyboard */ = {
			isa = PBXVariantGroup;
			children = (
				FFD144F225D4725100E566CA /* Base */,
			);
			name = Main.storyboard;
			sourceTree = "<group>";
		};
		FFD144F625D4725C00E566CA /* LaunchScreen.storyboard */ = {
			isa = PBXVariantGroup;
			children = (
				FFD144F725D4725C00E566CA /* Base */,
			);
			name = LaunchScreen.storyboard;
			sourceTree = "<group>";
		};
/* End PBXVariantGroup section */

/* Begin XCBuildConfiguration section */
		FFD1451025D4725D00E566CA /* Debug */ = {
			isa = XCBuildConfiguration;
			buildSettings = {
				ALWAYS_SEARCH_USER_PATHS = NO;
				CLANG_ANALYZER_NONNULL = YES;
				CLANG_ANALYZER_NUMBER_OBJECT_CONVERSION = YES_AGGRESSIVE;
				CLANG_CXX_LANGUAGE_STANDARD = "gnu++14";
				CLANG_CXX_LIBRARY = "libc++";
				CLANG_ENABLE_MODULES = YES;
				CLANG_ENABLE_OBJC_ARC = YES;
				CLANG_ENABLE_OBJC_WEAK = YES;
				CLANG_WARN_BLOCK_CAPTURE_AUTORELEASING = YES;
				CLANG_WARN_BOOL_CONVERSION = YES;
				CLANG_WARN_COMMA = YES;
				CLANG_WARN_CONSTANT_CONVERSION = YES;
				CLANG_WARN_DEPRECATED_OBJC_IMPLEMENTATIONS = YES;
				CLANG_WARN_DIRECT_OBJC_ISA_USAGE = YES_ERROR;
				CLANG_WARN_DOCUMENTATION_COMMENTS = YES;
				CLANG_WARN_EMPTY_BODY = YES;
				CLANG_WARN_ENUM_CONVERSION = YES;
				CLANG_WARN_INFINITE_RECURSION = YES;
				CLANG_WARN_INT_CONVERSION = YES;
				CLANG_WARN_NON_LITERAL_NULL_CONVERSION = YES;
				CLANG_WARN_OBJC_IMPLICIT_RETAIN_SELF = YES;
				CLANG_WARN_OBJC_LITERAL_CONVERSION = YES;
				CLANG_WARN_OBJC_ROOT_CLASS = YES_ERROR;
				CLANG_WARN_QUOTED_INCLUDE_IN_FRAMEWORK_HEADER = YES;
				CLANG_WARN_RANGE_LOOP_ANALYSIS = YES;
				CLANG_WARN_STRICT_PROTOTYPES = YES;
				CLANG_WARN_SUSPICIOUS_MOVE = YES;
				CLANG_WARN_UNGUARDED_AVAILABILITY = YES_AGGRESSIVE;
				CLANG_WARN_UNREACHABLE_CODE = YES;
				CLANG_WARN__DUPLICATE_METHOD_MATCH = YES;
				COPY_PHASE_STRIP = NO;
				DEBUG_INFORMATION_FORMAT = dwarf;
				ENABLE_STRICT_OBJC_MSGSEND = YES;
				ENABLE_TESTABILITY = YES;
				GCC_C_LANGUAGE_STANDARD = gnu11;
				GCC_DYNAMIC_NO_PIC = NO;
				GCC_NO_COMMON_BLOCKS = YES;
				GCC_OPTIMIZATION_LEVEL = 0;
				GCC_PREPROCESSOR_DEFINITIONS = (
					"DEBUG=1",
					"$(inherited)",
				);
				GCC_WARN_64_TO_32_BIT_CONVERSION = YES;
				GCC_WARN_ABOUT_RETURN_TYPE = YES_ERROR;
				GCC_WARN_UNDECLARED_SELECTOR = YES;
				GCC_WARN_UNINITIALIZED_AUTOS = YES_AGGRESSIVE;
				GCC_WARN_UNUSED_FUNCTION = YES;
				GCC_WARN_UNUSED_VARIABLE = YES;
				IPHONEOS_DEPLOYMENT_TARGET = 14.3;
				MTL_ENABLE_DEBUG_INFO = INCLUDE_SOURCE;
				MTL_FAST_MATH = YES;
				ONLY_ACTIVE_ARCH = YES;
				SDKROOT = iphoneos;
				SWIFT_ACTIVE_COMPILATION_CONDITIONS = DEBUG;
				SWIFT_OPTIMIZATION_LEVEL = "-Onone";
			};
			name = Debug;
		};
		FFD1451125D4725D00E566CA /* Release */ = {
			isa = XCBuildConfiguration;
			buildSettings = {
				ALWAYS_SEARCH_USER_PATHS = NO;
				CLANG_ANALYZER_NONNULL = YES;
				CLANG_ANALYZER_NUMBER_OBJECT_CONVERSION = YES_AGGRESSIVE;
				CLANG_CXX_LANGUAGE_STANDARD = "gnu++14";
				CLANG_CXX_LIBRARY = "libc++";
				CLANG_ENABLE_MODULES = YES;
				CLANG_ENABLE_OBJC_ARC = YES;
				CLANG_ENABLE_OBJC_WEAK = YES;
				CLANG_WARN_BLOCK_CAPTURE_AUTORELEASING = YES;
				CLANG_WARN_BOOL_CONVERSION = YES;
				CLANG_WARN_COMMA = YES;
				CLANG_WARN_CONSTANT_CONVERSION = YES;
				CLANG_WARN_DEPRECATED_OBJC_IMPLEMENTATIONS = YES;
				CLANG_WARN_DIRECT_OBJC_ISA_USAGE = YES_ERROR;
				CLANG_WARN_DOCUMENTATION_COMMENTS = YES;
				CLANG_WARN_EMPTY_BODY = YES;
				CLANG_WARN_ENUM_CONVERSION = YES;
				CLANG_WARN_INFINITE_RECURSION = YES;
				CLANG_WARN_INT_CONVERSION = YES;
				CLANG_WARN_NON_LITERAL_NULL_CONVERSION = YES;
				CLANG_WARN_OBJC_IMPLICIT_RETAIN_SELF = YES;
				CLANG_WARN_OBJC_LITERAL_CONVERSION = YES;
				CLANG_WARN_OBJC_ROOT_CLASS = YES_ERROR;
				CLANG_WARN_QUOTED_INCLUDE_IN_FRAMEWORK_HEADER = YES;
				CLANG_WARN_RANGE_LOOP_ANALYSIS = YES;
				CLANG_WARN_STRICT_PROTOTYPES = YES;
				CLANG_WARN_SUSPICIOUS_MOVE = YES;
				CLANG_WARN_UNGUARDED_AVAILABILITY = YES_AGGRESSIVE;
				CLANG_WARN_UNREACHABLE_CODE = YES;
				CLANG_WARN__DUPLICATE_METHOD_MATCH = YES;
				COPY_PHASE_STRIP = NO;
				DEBUG_INFORMATION_FORMAT = "dwarf-with-dsym";
				ENABLE_NS_ASSERTIONS = NO;
				ENABLE_STRICT_OBJC_MSGSEND = YES;
				GCC_C_LANGUAGE_STANDARD = gnu11;
				GCC_NO_COMMON_BLOCKS = YES;
				GCC_WARN_64_TO_32_BIT_CONVERSION = YES;
				GCC_WARN_ABOUT_RETURN_TYPE = YES_ERROR;
				GCC_WARN_UNDECLARED_SELECTOR = YES;
				GCC_WARN_UNINITIALIZED_AUTOS = YES_AGGRESSIVE;
				GCC_WARN_UNUSED_FUNCTION = YES;
				GCC_WARN_UNUSED_VARIABLE = YES;
				IPHONEOS_DEPLOYMENT_TARGET = 14.3;
				MTL_ENABLE_DEBUG_INFO = NO;
				MTL_FAST_MATH = YES;
				SDKROOT = iphoneos;
				SWIFT_COMPILATION_MODE = wholemodule;
				SWIFT_OPTIMIZATION_LEVEL = "-O";
				VALIDATE_PRODUCT = YES;
			};
			name = Release;
		};
		FFD1451325D4725D00E566CA /* Debug */ = {
			isa = XCBuildConfiguration;
			baseConfigurationReference = 2E71487031CCB2B95A97E10C /* Pods-CodePathFlix.debug.xcconfig */;
			buildSettings = {
				ASSETCATALOG_COMPILER_APPICON_NAME = AppIcon;
				ASSETCATALOG_COMPILER_GLOBAL_ACCENT_COLOR_NAME = AccentColor;
				CODE_SIGN_STYLE = Automatic;
				DEVELOPMENT_TEAM = 9U58Y895VU;
				INFOPLIST_FILE = CodePathFlix/Info.plist;
				LD_RUNPATH_SEARCH_PATHS = (
					"$(inherited)",
					"@executable_path/Frameworks",
				);
				PRODUCT_BUNDLE_IDENTIFIER = "N-A.CodePathFlix";
				PRODUCT_NAME = "$(TARGET_NAME)";
				SWIFT_VERSION = 5.0;
				TARGETED_DEVICE_FAMILY = "1,2";
			};
			name = Debug;
		};
		FFD1451425D4725D00E566CA /* Release */ = {
			isa = XCBuildConfiguration;
			baseConfigurationReference = AEE1D32BD02C424E0D96DE1A /* Pods-CodePathFlix.release.xcconfig */;
			buildSettings = {
				ASSETCATALOG_COMPILER_APPICON_NAME = AppIcon;
				ASSETCATALOG_COMPILER_GLOBAL_ACCENT_COLOR_NAME = AccentColor;
				CODE_SIGN_STYLE = Automatic;
				DEVELOPMENT_TEAM = 9U58Y895VU;
				INFOPLIST_FILE = CodePathFlix/Info.plist;
				LD_RUNPATH_SEARCH_PATHS = (
					"$(inherited)",
					"@executable_path/Frameworks",
				);
				PRODUCT_BUNDLE_IDENTIFIER = "N-A.CodePathFlix";
				PRODUCT_NAME = "$(TARGET_NAME)";
				SWIFT_VERSION = 5.0;
				TARGETED_DEVICE_FAMILY = "1,2";
			};
			name = Release;
		};
		FFD1451625D4725D00E566CA /* Debug */ = {
			isa = XCBuildConfiguration;
			baseConfigurationReference = 4B2669113FEB065D451ECE6E /* Pods-CodePathFlixTests.debug.xcconfig */;
			buildSettings = {
				ALWAYS_EMBED_SWIFT_STANDARD_LIBRARIES = YES;
				BUNDLE_LOADER = "$(TEST_HOST)";
				CODE_SIGN_STYLE = Automatic;
				DEVELOPMENT_TEAM = 9U58Y895VU;
				INFOPLIST_FILE = CodePathFlixTests/Info.plist;
				IPHONEOS_DEPLOYMENT_TARGET = 14.3;
				LD_RUNPATH_SEARCH_PATHS = (
					"$(inherited)",
					"@executable_path/Frameworks",
					"@loader_path/Frameworks",
				);
				PRODUCT_BUNDLE_IDENTIFIER = "N-A.CodePathFlixTests";
				PRODUCT_NAME = "$(TARGET_NAME)";
				SWIFT_VERSION = 5.0;
				TARGETED_DEVICE_FAMILY = "1,2";
				TEST_HOST = "$(BUILT_PRODUCTS_DIR)/CodePathFlix.app/CodePathFlix";
			};
			name = Debug;
		};
		FFD1451725D4725D00E566CA /* Release */ = {
			isa = XCBuildConfiguration;
			baseConfigurationReference = 4C867345AC76D2A7A0AEBB9E /* Pods-CodePathFlixTests.release.xcconfig */;
			buildSettings = {
				ALWAYS_EMBED_SWIFT_STANDARD_LIBRARIES = YES;
				BUNDLE_LOADER = "$(TEST_HOST)";
				CODE_SIGN_STYLE = Automatic;
				DEVELOPMENT_TEAM = 9U58Y895VU;
				INFOPLIST_FILE = CodePathFlixTests/Info.plist;
				IPHONEOS_DEPLOYMENT_TARGET = 14.3;
				LD_RUNPATH_SEARCH_PATHS = (
					"$(inherited)",
					"@executable_path/Frameworks",
					"@loader_path/Frameworks",
				);
				PRODUCT_BUNDLE_IDENTIFIER = "N-A.CodePathFlixTests";
				PRODUCT_NAME = "$(TARGET_NAME)";
				SWIFT_VERSION = 5.0;
				TARGETED_DEVICE_FAMILY = "1,2";
				TEST_HOST = "$(BUILT_PRODUCTS_DIR)/CodePathFlix.app/CodePathFlix";
			};
			name = Release;
		};
		FFD1451925D4725D00E566CA /* Debug */ = {
			isa = XCBuildConfiguration;
			baseConfigurationReference = 06CEC2FE3B9D63DA76CBBBAC /* Pods-CodePathFlix-CodePathFlixUITests.debug.xcconfig */;
			buildSettings = {
				ALWAYS_EMBED_SWIFT_STANDARD_LIBRARIES = YES;
				CODE_SIGN_STYLE = Automatic;
				DEVELOPMENT_TEAM = 9U58Y895VU;
				INFOPLIST_FILE = CodePathFlixUITests/Info.plist;
				LD_RUNPATH_SEARCH_PATHS = (
					"$(inherited)",
					"@executable_path/Frameworks",
					"@loader_path/Frameworks",
				);
				PRODUCT_BUNDLE_IDENTIFIER = "N-A.CodePathFlixUITests";
				PRODUCT_NAME = "$(TARGET_NAME)";
				SWIFT_VERSION = 5.0;
				TARGETED_DEVICE_FAMILY = "1,2";
				TEST_TARGET_NAME = CodePathFlix;
			};
			name = Debug;
		};
		FFD1451A25D4725D00E566CA /* Release */ = {
			isa = XCBuildConfiguration;
			baseConfigurationReference = BCBF43A2E40BE62718C35BD1 /* Pods-CodePathFlix-CodePathFlixUITests.release.xcconfig */;
			buildSettings = {
				ALWAYS_EMBED_SWIFT_STANDARD_LIBRARIES = YES;
				CODE_SIGN_STYLE = Automatic;
				DEVELOPMENT_TEAM = 9U58Y895VU;
				INFOPLIST_FILE = CodePathFlixUITests/Info.plist;
				LD_RUNPATH_SEARCH_PATHS = (
					"$(inherited)",
					"@executable_path/Frameworks",
					"@loader_path/Frameworks",
				);
				PRODUCT_BUNDLE_IDENTIFIER = "N-A.CodePathFlixUITests";
				PRODUCT_NAME = "$(TARGET_NAME)";
				SWIFT_VERSION = 5.0;
				TARGETED_DEVICE_FAMILY = "1,2";
				TEST_TARGET_NAME = CodePathFlix;
			};
			name = Release;
		};
/* End XCBuildConfiguration section */

/* Begin XCConfigurationList section */
		FFD144E325D4725100E566CA /* Build configuration list for PBXProject "CodePathFlix" */ = {
			isa = XCConfigurationList;
			buildConfigurations = (
				FFD1451025D4725D00E566CA /* Debug */,
				FFD1451125D4725D00E566CA /* Release */,
			);
			defaultConfigurationIsVisible = 0;
			defaultConfigurationName = Release;
		};
		FFD1451225D4725D00E566CA /* Build configuration list for PBXNativeTarget "CodePathFlix" */ = {
			isa = XCConfigurationList;
			buildConfigurations = (
				FFD1451325D4725D00E566CA /* Debug */,
				FFD1451425D4725D00E566CA /* Release */,
			);
			defaultConfigurationIsVisible = 0;
			defaultConfigurationName = Release;
		};
		FFD1451525D4725D00E566CA /* Build configuration list for PBXNativeTarget "CodePathFlixTests" */ = {
			isa = XCConfigurationList;
			buildConfigurations = (
				FFD1451625D4725D00E566CA /* Debug */,
				FFD1451725D4725D00E566CA /* Release */,
			);
			defaultConfigurationIsVisible = 0;
			defaultConfigurationName = Release;
		};
		FFD1451825D4725D00E566CA /* Build configuration list for PBXNativeTarget "CodePathFlixUITests" */ = {
			isa = XCConfigurationList;
			buildConfigurations = (
				FFD1451925D4725D00E566CA /* Debug */,
				FFD1451A25D4725D00E566CA /* Release */,
			);
			defaultConfigurationIsVisible = 0;
			defaultConfigurationName = Release;
		};
/* End XCConfigurationList section */
	};
	rootObject = FFD144E025D4725100E566CA /* Project object */;
}
